{"is_source_file": false, "format": "", "description": "", "external_files": [], "external_methods": [], "published": [], "classes": [], "methods": [], "calls": [], "search-terms": [], "state": 2, "file_id": 84, "knowledge_revision": 205, "git_revision": "f19dc4704862465d6385da19fce91e3b7a4bb477", "hash": "e9b4c3b42cef0193b7fddb548d37e652", "format-version": 4, "code-base-name": "default", "filename": "petwellness_hub/post_process_status.lock", "revision_history": [{"205": "f19dc4704862465d6385da19fce91e3b7a4bb477"}]}